lockfileVersion: '9.0'

settings:
  autoInstallPeers: true
  excludeLinksFromLockfile: false

importers:

  .:
    dependencies:
      '@radix-ui/react-avatar':
        specifier: ^1.1.10
        version: 1.1.10(react-dom@19.1.1(react@19.1.1))(react@19.1.1)
      '@radix-ui/react-tooltip':
        specifier: ^1.2.7
        version: 1.2.7(react-dom@19.1.1(react@19.1.1))(react@19.1.1)
      '@splinetool/react-spline':
        specifier: ^4.1.0
        version: 4.1.0(@splinetool/runtime@1.10.40)(react-dom@19.1.1(react@19.1.1))(react@19.1.1)
      '@tsparticles/engine':
        specifier: ^3.9.1
        version: 3.9.1
      '@tsparticles/react':
        specifier: ^3.0.0
        version: 3.0.0(@tsparticles/engine@3.9.1)(react-dom@19.1.1(react@19.1.1))(react@19.1.1)
      '@tsparticles/slim':
        specifier: ^3.9.1
        version: 3.9.1
      clsx:
        specifier: ^2.1.1
        version: 2.1.1
      tailwind-merge:
        specifier: ^3.3.1
        version: 3.3.1
      tsparticles:
        specifier: ^3.9.1
        version: 3.9.1

packages:

  '@floating-ui/core@1.7.3':
    resolution: {integrity: sha512-sGnvb5dmrJaKEZ+LDIpguvdX3bDlEllmv4/ClQ9awcmCZrlx5jQyyMWFM5kBI+EyNOCDDiKk8il0zeuX3Zlg/w==}

  '@floating-ui/dom@1.7.3':
    resolution: {integrity: sha512-uZA413QEpNuhtb3/iIKoYMSK07keHPYeXF02Zhd6e213j+d1NamLix/mCLxBUDW/Gx52sPH2m+chlUsyaBs/Ag==}

  '@floating-ui/react-dom@2.1.5':
    resolution: {integrity: sha512-HDO/1/1oH9fjj4eLgegrlH3dklZpHtUYYFiVwMUwfGvk9jWDRWqkklA2/NFScknrcNSspbV868WjXORvreDX+Q==}
    peerDependencies:
      react: '>=16.8.0'
      react-dom: '>=16.8.0'

  '@floating-ui/utils@0.2.10':
    resolution: {integrity: sha512-aGTxbpbg8/b5JfU1HXSrbH3wXZuLPJcNEcZQFMxLs3oSzgtVu6nFPkbbGGUvBcUjKV2YyB9Wxxabo+HEH9tcRQ==}

  '@radix-ui/primitive@1.1.2':
    resolution: {integrity: sha512-XnbHrrprsNqZKQhStrSwgRUQzoCI1glLzdw79xiZPoofhGICeZRSQ3dIxAKH1gb3OHfNf4d6f+vAv3kil2eggA==}

  '@radix-ui/react-arrow@1.1.7':
    resolution: {integrity: sha512-F+M1tLhO+mlQaOWspE8Wstg+z6PwxwRd8oQ8IXceWz92kfAmalTRf0EjrouQeo7QssEPfCn05B4Ihs1K9WQ/7w==}
    peerDependencies:
      '@types/react': '*'
      '@types/react-dom': '*'
      react: ^16.8 || ^17.0 || ^18.0 || ^19.0 || ^19.0.0-rc
      react-dom: ^16.8 || ^17.0 || ^18.0 || ^19.0 || ^19.0.0-rc
    peerDependenciesMeta:
      '@types/react':
        optional: true
      '@types/react-dom':
        optional: true

  '@radix-ui/react-avatar@1.1.10':
    resolution: {integrity: sha512-V8piFfWapM5OmNCXTzVQY+E1rDa53zY+MQ4Y7356v4fFz6vqCyUtIz2rUD44ZEdwg78/jKmMJHj07+C/Z/rcog==}
    peerDependencies:
      '@types/react': '*'
      '@types/react-dom': '*'
      react: ^16.8 || ^17.0 || ^18.0 || ^19.0 || ^19.0.0-rc
      react-dom: ^16.8 || ^17.0 || ^18.0 || ^19.0 || ^19.0.0-rc
    peerDependenciesMeta:
      '@types/react':
        optional: true
      '@types/react-dom':
        optional: true

  '@radix-ui/react-compose-refs@1.1.2':
    resolution: {integrity: sha512-z4eqJvfiNnFMHIIvXP3CY57y2WJs5g2v3X0zm9mEJkrkNv4rDxu+sg9Jh8EkXyeqBkB7SOcboo9dMVqhyrACIg==}
    peerDependencies:
      '@types/react': '*'
      react: ^16.8 || ^17.0 || ^18.0 || ^19.0 || ^19.0.0-rc
    peerDependenciesMeta:
      '@types/react':
        optional: true

  '@radix-ui/react-context@1.1.2':
    resolution: {integrity: sha512-jCi/QKUM2r1Ju5a3J64TH2A5SpKAgh0LpknyqdQ4m6DCV0xJ2HG1xARRwNGPQfi1SLdLWZ1OJz6F4OMBBNiGJA==}
    peerDependencies:
      '@types/react': '*'
      react: ^16.8 || ^17.0 || ^18.0 || ^19.0 || ^19.0.0-rc
    peerDependenciesMeta:
      '@types/react':
        optional: true

  '@radix-ui/react-dismissable-layer@1.1.10':
    resolution: {integrity: sha512-IM1zzRV4W3HtVgftdQiiOmA0AdJlCtMLe00FXaHwgt3rAnNsIyDqshvkIW3hj/iu5hu8ERP7KIYki6NkqDxAwQ==}
    peerDependencies:
      '@types/react': '*'
      '@types/react-dom': '*'
      react: ^16.8 || ^17.0 || ^18.0 || ^19.0 || ^19.0.0-rc
      react-dom: ^16.8 || ^17.0 || ^18.0 || ^19.0 || ^19.0.0-rc
    peerDependenciesMeta:
      '@types/react':
        optional: true
      '@types/react-dom':
        optional: true

  '@radix-ui/react-id@1.1.1':
    resolution: {integrity: sha512-kGkGegYIdQsOb4XjsfM97rXsiHaBwco+hFI66oO4s9LU+PLAC5oJ7khdOVFxkhsmlbpUqDAvXw11CluXP+jkHg==}
    peerDependencies:
      '@types/react': '*'
      react: ^16.8 || ^17.0 || ^18.0 || ^19.0 || ^19.0.0-rc
    peerDependenciesMeta:
      '@types/react':
        optional: true

  '@radix-ui/react-popper@1.2.7':
    resolution: {integrity: sha512-IUFAccz1JyKcf/RjB552PlWwxjeCJB8/4KxT7EhBHOJM+mN7LdW+B3kacJXILm32xawcMMjb2i0cIZpo+f9kiQ==}
    peerDependencies:
      '@types/react': '*'
      '@types/react-dom': '*'
      react: ^16.8 || ^17.0 || ^18.0 || ^19.0 || ^19.0.0-rc
      react-dom: ^16.8 || ^17.0 || ^18.0 || ^19.0 || ^19.0.0-rc
    peerDependenciesMeta:
      '@types/react':
        optional: true
      '@types/react-dom':
        optional: true

  '@radix-ui/react-portal@1.1.9':
    resolution: {integrity: sha512-bpIxvq03if6UNwXZ+HTK71JLh4APvnXntDc6XOX8UVq4XQOVl7lwok0AvIl+b8zgCw3fSaVTZMpAPPagXbKmHQ==}
    peerDependencies:
      '@types/react': '*'
      '@types/react-dom': '*'
      react: ^16.8 || ^17.0 || ^18.0 || ^19.0 || ^19.0.0-rc
      react-dom: ^16.8 || ^17.0 || ^18.0 || ^19.0 || ^19.0.0-rc
    peerDependenciesMeta:
      '@types/react':
        optional: true
      '@types/react-dom':
        optional: true

  '@radix-ui/react-presence@1.1.4':
    resolution: {integrity: sha512-ueDqRbdc4/bkaQT3GIpLQssRlFgWaL/U2z/S31qRwwLWoxHLgry3SIfCwhxeQNbirEUXFa+lq3RL3oBYXtcmIA==}
    peerDependencies:
      '@types/react': '*'
      '@types/react-dom': '*'
      react: ^16.8 || ^17.0 || ^18.0 || ^19.0 || ^19.0.0-rc
      react-dom: ^16.8 || ^17.0 || ^18.0 || ^19.0 || ^19.0.0-rc
    peerDependenciesMeta:
      '@types/react':
        optional: true
      '@types/react-dom':
        optional: true

  '@radix-ui/react-primitive@2.1.3':
    resolution: {integrity: sha512-m9gTwRkhy2lvCPe6QJp4d3G1TYEUHn/FzJUtq9MjH46an1wJU+GdoGC5VLof8RX8Ft/DlpshApkhswDLZzHIcQ==}
    peerDependencies:
      '@types/react': '*'
      '@types/react-dom': '*'
      react: ^16.8 || ^17.0 || ^18.0 || ^19.0 || ^19.0.0-rc
      react-dom: ^16.8 || ^17.0 || ^18.0 || ^19.0 || ^19.0.0-rc
    peerDependenciesMeta:
      '@types/react':
        optional: true
      '@types/react-dom':
        optional: true

  '@radix-ui/react-slot@1.2.3':
    resolution: {integrity: sha512-aeNmHnBxbi2St0au6VBVC7JXFlhLlOnvIIlePNniyUNAClzmtAUEY8/pBiK3iHjufOlwA+c20/8jngo7xcrg8A==}
    peerDependencies:
      '@types/react': '*'
      react: ^16.8 || ^17.0 || ^18.0 || ^19.0 || ^19.0.0-rc
    peerDependenciesMeta:
      '@types/react':
        optional: true

  '@radix-ui/react-tooltip@1.2.7':
    resolution: {integrity: sha512-Ap+fNYwKTYJ9pzqW+Xe2HtMRbQ/EeWkj2qykZ6SuEV4iS/o1bZI5ssJbk4D2r8XuDuOBVz/tIx2JObtuqU+5Zw==}
    peerDependencies:
      '@types/react': '*'
      '@types/react-dom': '*'
      react: ^16.8 || ^17.0 || ^18.0 || ^19.0 || ^19.0.0-rc
      react-dom: ^16.8 || ^17.0 || ^18.0 || ^19.0 || ^19.0.0-rc
    peerDependenciesMeta:
      '@types/react':
        optional: true
      '@types/react-dom':
        optional: true

  '@radix-ui/react-use-callback-ref@1.1.1':
    resolution: {integrity: sha512-FkBMwD+qbGQeMu1cOHnuGB6x4yzPjho8ap5WtbEJ26umhgqVXbhekKUQO+hZEL1vU92a3wHwdp0HAcqAUF5iDg==}
    peerDependencies:
      '@types/react': '*'
      react: ^16.8 || ^17.0 || ^18.0 || ^19.0 || ^19.0.0-rc
    peerDependenciesMeta:
      '@types/react':
        optional: true

  '@radix-ui/react-use-controllable-state@1.2.2':
    resolution: {integrity: sha512-BjasUjixPFdS+NKkypcyyN5Pmg83Olst0+c6vGov0diwTEo6mgdqVR6hxcEgFuh4QrAs7Rc+9KuGJ9TVCj0Zzg==}
    peerDependencies:
      '@types/react': '*'
      react: ^16.8 || ^17.0 || ^18.0 || ^19.0 || ^19.0.0-rc
    peerDependenciesMeta:
      '@types/react':
        optional: true

  '@radix-ui/react-use-effect-event@0.0.2':
    resolution: {integrity: sha512-Qp8WbZOBe+blgpuUT+lw2xheLP8q0oatc9UpmiemEICxGvFLYmHm9QowVZGHtJlGbS6A6yJ3iViad/2cVjnOiA==}
    peerDependencies:
      '@types/react': '*'
      react: ^16.8 || ^17.0 || ^18.0 || ^19.0 || ^19.0.0-rc
    peerDependenciesMeta:
      '@types/react':
        optional: true

  '@radix-ui/react-use-escape-keydown@1.1.1':
    resolution: {integrity: sha512-Il0+boE7w/XebUHyBjroE+DbByORGR9KKmITzbR7MyQ4akpORYP/ZmbhAr0DG7RmmBqoOnZdy2QlvajJ2QA59g==}
    peerDependencies:
      '@types/react': '*'
      react: ^16.8 || ^17.0 || ^18.0 || ^19.0 || ^19.0.0-rc
    peerDependenciesMeta:
      '@types/react':
        optional: true

  '@radix-ui/react-use-is-hydrated@0.1.0':
    resolution: {integrity: sha512-U+UORVEq+cTnRIaostJv9AGdV3G6Y+zbVd+12e18jQ5A3c0xL03IhnHuiU4UV69wolOQp5GfR58NW/EgdQhwOA==}
    peerDependencies:
      '@types/react': '*'
      react: ^16.8 || ^17.0 || ^18.0 || ^19.0 || ^19.0.0-rc
    peerDependenciesMeta:
      '@types/react':
        optional: true

  '@radix-ui/react-use-layout-effect@1.1.1':
    resolution: {integrity: sha512-RbJRS4UWQFkzHTTwVymMTUv8EqYhOp8dOOviLj2ugtTiXRaRQS7GLGxZTLL1jWhMeoSCf5zmcZkqTl9IiYfXcQ==}
    peerDependencies:
      '@types/react': '*'
      react: ^16.8 || ^17.0 || ^18.0 || ^19.0 || ^19.0.0-rc
    peerDependenciesMeta:
      '@types/react':
        optional: true

  '@radix-ui/react-use-rect@1.1.1':
    resolution: {integrity: sha512-QTYuDesS0VtuHNNvMh+CjlKJ4LJickCMUAqjlE3+j8w+RlRpwyX3apEQKGFzbZGdo7XNG1tXa+bQqIE7HIXT2w==}
    peerDependencies:
      '@types/react': '*'
      react: ^16.8 || ^17.0 || ^18.0 || ^19.0 || ^19.0.0-rc
    peerDependenciesMeta:
      '@types/react':
        optional: true

  '@radix-ui/react-use-size@1.1.1':
    resolution: {integrity: sha512-ewrXRDTAqAXlkl6t/fkXWNAhFX9I+CkKlw6zjEwk86RSPKwZr3xpBRso655aqYafwtnbpHLj6toFzmd6xdVptQ==}
    peerDependencies:
      '@types/react': '*'
      react: ^16.8 || ^17.0 || ^18.0 || ^19.0 || ^19.0.0-rc
    peerDependenciesMeta:
      '@types/react':
        optional: true

  '@radix-ui/react-visually-hidden@1.2.3':
    resolution: {integrity: sha512-pzJq12tEaaIhqjbzpCuv/OypJY/BPavOofm+dbab+MHLajy277+1lLm6JFcGgF5eskJ6mquGirhXY2GD/8u8Ug==}
    peerDependencies:
      '@types/react': '*'
      '@types/react-dom': '*'
      react: ^16.8 || ^17.0 || ^18.0 || ^19.0 || ^19.0.0-rc
      react-dom: ^16.8 || ^17.0 || ^18.0 || ^19.0 || ^19.0.0-rc
    peerDependenciesMeta:
      '@types/react':
        optional: true
      '@types/react-dom':
        optional: true

  '@radix-ui/rect@1.1.1':
    resolution: {integrity: sha512-HPwpGIzkl28mWyZqG52jiqDJ12waP11Pa1lGoiyUkIEuMLBP0oeK/C89esbXrxsky5we7dfd8U58nm0SgAWpVw==}

  '@splinetool/react-spline@4.1.0':
    resolution: {integrity: sha512-Y379gm17gw+1nxT/YXTCJnVIWuu7tsUH1tp/YxsYb0pZnc9Gljk7Om4Kpq7WPq0bZ4zidVCxf6xn6jgDcbHifQ==}
    peerDependencies:
      '@splinetool/runtime': '*'
      next: '>=14.2.0'
      react: '*'
      react-dom: '*'
    peerDependenciesMeta:
      next:
        optional: true

  '@splinetool/runtime@1.10.40':
    resolution: {integrity: sha512-4CgVhtHOmBwub5+BzgBgf/7zU8JAa63zjkomJ4/LixhBzrSnxw1pri6vZ/xA/xdLM5ikVhUG8L2OsuLSV4EH6A==}

  '@tsparticles/basic@3.9.1':
    resolution: {integrity: sha512-ijr2dHMx0IQHqhKW3qA8tfwrR2XYbbWYdaJMQuBo2CkwBVIhZ76U+H20Y492j/NXpd1FUnt2aC0l4CEVGVGdeQ==}

  '@tsparticles/engine@3.9.1':
    resolution: {integrity: sha512-DpdgAhWMZ3Eh2gyxik8FXS6BKZ8vyea+Eu5BC4epsahqTGY9V3JGGJcXC6lRJx6cPMAx1A0FaQAojPF3v6rkmQ==}

  '@tsparticles/interaction-external-attract@3.9.1':
    resolution: {integrity: sha512-5AJGmhzM9o4AVFV24WH5vSqMBzOXEOzIdGLIr+QJf4fRh9ZK62snsusv/ozKgs2KteRYQx+L7c5V3TqcDy2upg==}

  '@tsparticles/interaction-external-bounce@3.9.1':
    resolution: {integrity: sha512-bv05+h70UIHOTWeTsTI1AeAmX6R3s8nnY74Ea6p6AbQjERzPYIa0XY19nq/hA7+Nrg+EissP5zgoYYeSphr85A==}

  '@tsparticles/interaction-external-bubble@3.9.1':
    resolution: {integrity: sha512-tbd8ox/1GPl+zr+KyHQVV1bW88GE7OM6i4zql801YIlCDrl9wgTDdDFGIy9X7/cwTvTrCePhrfvdkUamXIribQ==}

  '@tsparticles/interaction-external-connect@3.9.1':
    resolution: {integrity: sha512-sq8YfUNsIORjXHzzW7/AJQtfi/qDqLnYG2qOSE1WOsog39MD30RzmiOloejOkfNeUdcGUcfsDgpUuL3UhzFUOA==}

  '@tsparticles/interaction-external-grab@3.9.1':
    resolution: {integrity: sha512-QwXza+sMMWDaMiFxd8y2tJwUK6c+nNw554+/9+tEZeTTk2fCbB0IJ7p/TH6ZGWDL0vo2muK54Njv2fEey191ow==}

  '@tsparticles/interaction-external-pause@3.9.1':
    resolution: {integrity: sha512-Gzv4/FeNir0U/tVM9zQCqV1k+IAgaFjDU3T30M1AeAsNGh/rCITV2wnT7TOGFkbcla27m4Yxa+Fuab8+8pzm+g==}

  '@tsparticles/interaction-external-push@3.9.1':
    resolution: {integrity: sha512-GvnWF9Qy4YkZdx+WJL2iy9IcgLvzOIu3K7aLYJFsQPaxT8d9TF8WlpoMlWKnJID6H5q4JqQuMRKRyWH8aAKyQw==}

  '@tsparticles/interaction-external-remove@3.9.1':
    resolution: {integrity: sha512-yPThm4UDWejDOWW5Qc8KnnS2EfSo5VFcJUQDWc1+Wcj17xe7vdSoiwwOORM0PmNBzdDpSKQrte/gUnoqaUMwOA==}

  '@tsparticles/interaction-external-repulse@3.9.1':
    resolution: {integrity: sha512-/LBppXkrMdvLHlEKWC7IykFhzrz+9nebT2fwSSFXK4plEBxDlIwnkDxd3FbVOAbnBvx4+L8+fbrEx+RvC8diAw==}

  '@tsparticles/interaction-external-slow@3.9.1':
    resolution: {integrity: sha512-1ZYIR/udBwA9MdSCfgADsbDXKSFS0FMWuPWz7bm79g3sUxcYkihn+/hDhc6GXvNNR46V1ocJjrj0u6pAynS1KQ==}

  '@tsparticles/interaction-external-trail@3.9.1':
    resolution: {integrity: sha512-Au0v2oiqfKTemI/4bzjD4dUXzIngB5Q2T4nJcMCYpP24uZfwZh5xTjUMH7gyJyyaRTdMl9IJrp8ySjyYbLfeGg==}

  '@tsparticles/interaction-particles-attract@3.9.1':
    resolution: {integrity: sha512-CYYYowJuGwRLUixQcSU/48PTKM8fCUYThe0hXwQ+yRMLAn053VHzL7NNZzKqEIeEyt5oJoy9KcvubjKWbzMBLQ==}

  '@tsparticles/interaction-particles-collisions@3.9.1':
    resolution: {integrity: sha512-ggGyjW/3v1yxvYW1IF1EMT15M6w31y5zfNNUPkqd/IXRNPYvm0Z0ayhp+FKmz70M5p0UxxPIQHTvAv9Jqnuj8w==}

  '@tsparticles/interaction-particles-links@3.9.1':
    resolution: {integrity: sha512-MsLbMjy1vY5M5/hu/oa5OSRZAUz49H3+9EBMTIOThiX+a+vpl3sxc9AqNd9gMsPbM4WJlub8T6VBZdyvzez1Vg==}

  '@tsparticles/move-base@3.9.1':
    resolution: {integrity: sha512-X4huBS27d8srpxwOxliWPUt+NtCwY+8q/cx1DvQxyqmTA8VFCGpcHNwtqiN+9JicgzOvSuaORVqUgwlsc7h4pQ==}

  '@tsparticles/move-parallax@3.9.1':
    resolution: {integrity: sha512-whlOR0bVeyh6J/hvxf/QM3DqvNnITMiAQ0kro6saqSDItAVqg4pYxBfEsSOKq7EhjxNvfhhqR+pFMhp06zoCVA==}

  '@tsparticles/plugin-absorbers@3.9.1':
    resolution: {integrity: sha512-q9SQllpbPPgw1+euxHPYCFawOVUazQkkwnleiIgpYSiimlCyjIdwGnFPSNe1Sypzqmr2h6oOyX2vkK5ZVNEu8A==}

  '@tsparticles/plugin-easing-quad@3.9.1':
    resolution: {integrity: sha512-C2UJOca5MTDXKUTBXj30Kiqr5UyID+xrY/LxicVWWZPczQW2bBxbIbfq9ULvzGDwBTxE2rdvIB8YFKmDYO45qw==}

  '@tsparticles/plugin-emitters-shape-circle@3.9.1':
    resolution: {integrity: sha512-z+9MsAPWr++sNz6N6303rRDjusW0BIPhHY51E5eXGDcRdOqrESDs6y99AJ/6Kdb/PpibCIYjFY9jVi2JJADPRA==}

  '@tsparticles/plugin-emitters-shape-square@3.9.1':
    resolution: {integrity: sha512-dhA1c7FKs19B8lgTf25OTA3JoptNA+rjorsqCFuY1BZDI8g9E8DNqikUge14/W7nZN96+98hY+ghxSl4K2YsgA==}

  '@tsparticles/plugin-emitters@3.9.1':
    resolution: {integrity: sha512-h7opR8SoFWBmVHceDLJUerLENaPfkJSh2zQYvzmLj2L+V3VLS1QDgty+4QZVeZfqNROmgQw2eLFA5El1E0sqqw==}

  '@tsparticles/plugin-hex-color@3.9.1':
    resolution: {integrity: sha512-vZgZ12AjUicJvk7AX4K2eAmKEQX/D1VEjEPFhyjbgI7A65eX72M465vVKIgNA6QArLZ1DLs7Z787LOE6GOBWsg==}

  '@tsparticles/plugin-hsl-color@3.9.1':
    resolution: {integrity: sha512-jJd1iGgRwX6eeNjc1zUXiJivaqC5UE+SC2A3/NtHwwoQrkfxGWmRHOsVyLnOBRcCPgBp/FpdDe6DIDjCMO715w==}

  '@tsparticles/plugin-rgb-color@3.9.1':
    resolution: {integrity: sha512-SBxk7f1KBfXeTnnklbE2Hx4jBgh6I6HOtxb+Os1gTp0oaghZOkWcCD2dP4QbUu7fVNCMOcApPoMNC8RTFcy9wQ==}

  '@tsparticles/react@3.0.0':
    resolution: {integrity: sha512-hjGEtTT1cwv6BcjL+GcVgH++KYs52bIuQGW3PWv7z3tMa8g0bd6RI/vWSLj7p//NZ3uTjEIeilYIUPBh7Jfq/Q==}
    peerDependencies:
      '@tsparticles/engine': ^3.0.2
      react: '>=16.8.0'
      react-dom: '>=16.8.0'

  '@tsparticles/shape-circle@3.9.1':
    resolution: {integrity: sha512-DqZFLjbuhVn99WJ+A9ajz9YON72RtCcvubzq6qfjFmtwAK7frvQeb6iDTp6Ze9FUipluxVZWVRG4vWTxi2B+/g==}

  '@tsparticles/shape-emoji@3.9.1':
    resolution: {integrity: sha512-ifvY63usuT+hipgVHb8gelBHSeF6ryPnMxAAEC1RGHhhXfpSRWMtE6ybr+pSsYU52M3G9+TF84v91pSwNrb9ZQ==}

  '@tsparticles/shape-image@3.9.1':
    resolution: {integrity: sha512-fCA5eme8VF3oX8yNVUA0l2SLDKuiZObkijb0z3Ky0qj1HUEVlAuEMhhNDNB9E2iELTrWEix9z7BFMePp2CC7AA==}

  '@tsparticles/shape-line@3.9.1':
    resolution: {integrity: sha512-wT8NSp0N9HURyV05f371cHKcNTNqr0/cwUu6WhBzbshkYGy1KZUP9CpRIh5FCrBpTev34mEQfOXDycgfG0KiLQ==}

  '@tsparticles/shape-polygon@3.9.1':
    resolution: {integrity: sha512-dA77PgZdoLwxnliH6XQM/zF0r4jhT01pw5y7XTeTqws++hg4rTLV9255k6R6eUqKq0FPSW1/WBsBIl7q/MmrqQ==}

  '@tsparticles/shape-square@3.9.1':
    resolution: {integrity: sha512-DKGkDnRyZrAm7T2ipqNezJahSWs6xd9O5LQLe5vjrYm1qGwrFxJiQaAdlb00UNrexz1/SA7bEoIg4XKaFa7qhQ==}

  '@tsparticles/shape-star@3.9.1':
    resolution: {integrity: sha512-kdMJpi8cdeb6vGrZVSxTG0JIjCwIenggqk0EYeKAwtOGZFBgL7eHhF2F6uu1oq8cJAbXPujEoabnLsz6mW8XaA==}

  '@tsparticles/shape-text@3.9.1':
    resolution: {integrity: sha512-oNsLHI0lGkIXoUw3W598iwd7dtoHCDrwpwJRGnQzgfk6T5a9dCpSD5vDeQN89lr3BUbVui4lhxq+/TyC64oAqA==}

  '@tsparticles/slim@3.9.1':
    resolution: {integrity: sha512-CL5cDmADU7sDjRli0So+hY61VMbdroqbArmR9Av+c1Fisa5ytr6QD7Jv62iwU2S6rvgicEe9OyRmSy5GIefwZw==}

  '@tsparticles/updater-color@3.9.1':
    resolution: {integrity: sha512-XGWdscrgEMA8L5E7exsE0f8/2zHKIqnTrZymcyuFBw2DCB6BIV+5z6qaNStpxrhq3DbIxxhqqcybqeOo7+Alpg==}

  '@tsparticles/updater-destroy@3.9.1':
    resolution: {integrity: sha512-MjMzEhZwCQIbxO6ZRM0eXsHVwmlXuUqwC43WCPZCpjhK3AJrMu3KR4xsJieFTWIbVNguAvbgoTB10FfJOUU5VA==}

  '@tsparticles/updater-life@3.9.1':
    resolution: {integrity: sha512-Oi8aF2RIwMMsjssUkCB6t3PRpENHjdZf6cX92WNfAuqXtQphr3OMAkYFJFWkvyPFK22AVy3p/cFt6KE5zXxwAA==}

  '@tsparticles/updater-opacity@3.9.1':
    resolution: {integrity: sha512-w778LQuRZJ+IoWzeRdrGykPYSSaTeWfBvLZ2XwYEkh/Ss961InOxZKIpcS6i5Kp/Zfw0fS1ZAuqeHwuj///Osw==}

  '@tsparticles/updater-out-modes@3.9.1':
    resolution: {integrity: sha512-cKQEkAwbru+hhKF+GTsfbOvuBbx2DSB25CxOdhtW2wRvDBoCnngNdLw91rs+0Cex4tgEeibkebrIKFDDE6kELg==}

  '@tsparticles/updater-roll@3.9.1':
    resolution: {integrity: sha512-zl4JeM3gUBJ0uttmIsond3lrZ3f3AkItFeS0Lhj/7jiCKfUoRyyOMrcBk8R1AhW7lI+7ko1iBs3jhO0jnxz9vg==}

  '@tsparticles/updater-rotate@3.9.1':
    resolution: {integrity: sha512-9BfKaGfp28JN82MF2qs6Ae/lJr9EColMfMTHqSKljblwbpVDHte4umuwKl3VjbRt87WD9MGtla66NTUYl+WxuQ==}

  '@tsparticles/updater-size@3.9.1':
    resolution: {integrity: sha512-3NSVs0O2ApNKZXfd+y/zNhTXSFeG1Pw4peI8e6z/q5+XLbmue9oiEwoPy/tQLaark3oNj3JU7Q903ZijPyXSzw==}

  '@tsparticles/updater-stroke-color@3.9.1':
    resolution: {integrity: sha512-3x14+C2is9pZYTg9T2TiA/aM1YMq4wLdYaZDcHm3qO30DZu5oeQq0rm/6w+QOGKYY1Z3Htg9rlSUZkhTHn7eDA==}

  '@tsparticles/updater-tilt@3.9.1':
    resolution: {integrity: sha512-PB2yaoyXRmSk4iIVgjtRrzOxXMK9mjeAQHIJGtT4faq46Z8cbIIEFgjTwqrUV8qOrNg/h4sm5NE/s0qsTYjp1Q==}

  '@tsparticles/updater-twinkle@3.9.1':
    resolution: {integrity: sha512-xgTcYr6LmP44IPIBeQmEExN2Y5Nfl3ikmC08eOh5nZy/ta6ORP+JTsprrnfuv/O2DwTyoqFLkZ16hZfkdc1yOQ==}

  '@tsparticles/updater-wobble@3.9.1':
    resolution: {integrity: sha512-c99Ogy9q4QWO+zsDXol0UnpUwZiY2UucFb8ltuDv9AlbGUeprygoub8jhgT5pEDv+GdzWOJGSgq7rfgv9cHBrg==}

  blurhash@2.0.5:
    resolution: {integrity: sha512-cRygWd7kGBQO3VEhPiTgq4Wc43ctsM+o46urrmPOiuAe+07fzlSB9OJVdpgDL0jPqXUVQ9ht7aq7kxOeJHRK+w==}

  clsx@2.1.1:
    resolution: {integrity: sha512-eYm0QWBtUrBWZWG0d386OGAw16Z995PiOVo2B7bjWSbHedGl5e0ZWaq65kOGgUSNesEIDkB9ISbTg/JK9dhCZA==}
    engines: {node: '>=6'}

  lodash.debounce@4.0.8:
    resolution: {integrity: sha512-FT1yDzDYEoYWhnSGnpE/4Kj1fLZkDFyqRb7fNt6FdYOSxlUWAtp42Eh6Wb0rGIv/m9Bgo7x4GhQbm5Ys4SG5ow==}

  on-change@4.0.2:
    resolution: {integrity: sha512-cMtCyuJmTx/bg2HCpHo3ZLeF7FZnBOapLqZHr2AlLeJ5Ul0Zu2mUJJz051Fdwu/Et2YW04ZD+TtU+gVy0ACNCA==}
    engines: {node: ^12.20.0 || ^14.13.1 || >=16.0.0}

  react-dom@19.1.1:
    resolution: {integrity: sha512-Dlq/5LAZgF0Gaz6yiqZCf6VCcZs1ghAJyrsu84Q/GT0gV+mCxbfmKNoGRKBYMJ8IEdGPqu49YWXD02GCknEDkw==}
    peerDependencies:
      react: ^19.1.1

  react-merge-refs@2.1.1:
    resolution: {integrity: sha512-jLQXJ/URln51zskhgppGJ2ub7b2WFKGq3cl3NYKtlHoTG+dN2q7EzWrn3hN3EgPsTMvpR9tpq5ijdp7YwFZkag==}

  react@19.1.1:
    resolution: {integrity: sha512-w8nqGImo45dmMIfljjMwOGtbmC/mk4CMYhWIicdSflH91J9TyCyczcPFXJzrZ/ZXcgGRFeP6BU0BEJTw6tZdfQ==}
    engines: {node: '>=0.10.0'}

  scheduler@0.26.0:
    resolution: {integrity: sha512-NlHwttCI/l5gCPR3D1nNXtWABUmBwvZpEQiD4IXSbIDq8BzLIK/7Ir5gTFSGZDUu37K5cMNp0hFtzO38sC7gWA==}

  semver-compare@1.0.0:
    resolution: {integrity: sha512-YM3/ITh2MJ5MtzaM429anh+x2jiLVjqILF4m4oyQB18W7Ggea7BfqdH/wGMK7dDiMghv/6WG7znWMwUDzJiXow==}

  tailwind-merge@3.3.1:
    resolution: {integrity: sha512-gBXpgUm/3rp1lMZZrM/w7D8GKqshif0zAymAhbCyIt8KMe+0v9DQ7cdYLR4FHH/cKpdTXb+A/tKKU3eolfsI+g==}

  thumbhash@0.1.1:
    resolution: {integrity: sha512-kH5pKeIIBPQXAOni2AiY/Cu/NKdkFREdpH+TLdM0g6WA7RriCv0kPLgP731ady67MhTAqrVG/4mnEeibVuCJcg==}

  tsparticles@3.9.1:
    resolution: {integrity: sha512-Y780IGSL4qjkZj7+fI92PV/cziHqLR/s6nnYri4K6vH3NQRmDK5D6pfskDO8T4Y96ChCWHY3uxPtOb/hKQ83Qg==}

  use-sync-external-store@1.5.0:
    resolution: {integrity: sha512-Rb46I4cGGVBmjamjphe8L/UnvJD+uPPtTkNvX5mZgqdbavhI4EbgIWJiIHXJ8bc/i9EQGPRh4DwEURJ552Do0A==}
    peerDependencies:
      react: ^16.8.0 || ^17.0.0 || ^18.0.0 || ^19.0.0

snapshots:

  '@floating-ui/core@1.7.3':
    dependencies:
      '@floating-ui/utils': 0.2.10

  '@floating-ui/dom@1.7.3':
    dependencies:
      '@floating-ui/core': 1.7.3
      '@floating-ui/utils': 0.2.10

  '@floating-ui/react-dom@2.1.5(react-dom@19.1.1(react@19.1.1))(react@19.1.1)':
    dependencies:
      '@floating-ui/dom': 1.7.3
      react: 19.1.1
      react-dom: 19.1.1(react@19.1.1)

  '@floating-ui/utils@0.2.10': {}

  '@radix-ui/primitive@1.1.2': {}

  '@radix-ui/react-arrow@1.1.7(react-dom@19.1.1(react@19.1.1))(react@19.1.1)':
    dependencies:
      '@radix-ui/react-primitive': 2.1.3(react-dom@19.1.1(react@19.1.1))(react@19.1.1)
      react: 19.1.1
      react-dom: 19.1.1(react@19.1.1)

  '@radix-ui/react-avatar@1.1.10(react-dom@19.1.1(react@19.1.1))(react@19.1.1)':
    dependencies:
      '@radix-ui/react-context': 1.1.2(react@19.1.1)
      '@radix-ui/react-primitive': 2.1.3(react-dom@19.1.1(react@19.1.1))(react@19.1.1)
      '@radix-ui/react-use-callback-ref': 1.1.1(react@19.1.1)
      '@radix-ui/react-use-is-hydrated': 0.1.0(react@19.1.1)
      '@radix-ui/react-use-layout-effect': 1.1.1(react@19.1.1)
      react: 19.1.1
      react-dom: 19.1.1(react@19.1.1)

  '@radix-ui/react-compose-refs@1.1.2(react@19.1.1)':
    dependencies:
      react: 19.1.1

  '@radix-ui/react-context@1.1.2(react@19.1.1)':
    dependencies:
      react: 19.1.1

  '@radix-ui/react-dismissable-layer@1.1.10(react-dom@19.1.1(react@19.1.1))(react@19.1.1)':
    dependencies:
      '@radix-ui/primitive': 1.1.2
      '@radix-ui/react-compose-refs': 1.1.2(react@19.1.1)
      '@radix-ui/react-primitive': 2.1.3(react-dom@19.1.1(react@19.1.1))(react@19.1.1)
      '@radix-ui/react-use-callback-ref': 1.1.1(react@19.1.1)
      '@radix-ui/react-use-escape-keydown': 1.1.1(react@19.1.1)
      react: 19.1.1
      react-dom: 19.1.1(react@19.1.1)

  '@radix-ui/react-id@1.1.1(react@19.1.1)':
    dependencies:
      '@radix-ui/react-use-layout-effect': 1.1.1(react@19.1.1)
      react: 19.1.1

  '@radix-ui/react-popper@1.2.7(react-dom@19.1.1(react@19.1.1))(react@19.1.1)':
    dependencies:
      '@floating-ui/react-dom': 2.1.5(react-dom@19.1.1(react@19.1.1))(react@19.1.1)
      '@radix-ui/react-arrow': 1.1.7(react-dom@19.1.1(react@19.1.1))(react@19.1.1)
      '@radix-ui/react-compose-refs': 1.1.2(react@19.1.1)
      '@radix-ui/react-context': 1.1.2(react@19.1.1)
      '@radix-ui/react-primitive': 2.1.3(react-dom@19.1.1(react@19.1.1))(react@19.1.1)
      '@radix-ui/react-use-callback-ref': 1.1.1(react@19.1.1)
      '@radix-ui/react-use-layout-effect': 1.1.1(react@19.1.1)
      '@radix-ui/react-use-rect': 1.1.1(react@19.1.1)
      '@radix-ui/react-use-size': 1.1.1(react@19.1.1)
      '@radix-ui/rect': 1.1.1
      react: 19.1.1
      react-dom: 19.1.1(react@19.1.1)

  '@radix-ui/react-portal@1.1.9(react-dom@19.1.1(react@19.1.1))(react@19.1.1)':
    dependencies:
      '@radix-ui/react-primitive': 2.1.3(react-dom@19.1.1(react@19.1.1))(react@19.1.1)
      '@radix-ui/react-use-layout-effect': 1.1.1(react@19.1.1)
      react: 19.1.1
      react-dom: 19.1.1(react@19.1.1)

  '@radix-ui/react-presence@1.1.4(react-dom@19.1.1(react@19.1.1))(react@19.1.1)':
    dependencies:
      '@radix-ui/react-compose-refs': 1.1.2(react@19.1.1)
      '@radix-ui/react-use-layout-effect': 1.1.1(react@19.1.1)
      react: 19.1.1
      react-dom: 19.1.1(react@19.1.1)

  '@radix-ui/react-primitive@2.1.3(react-dom@19.1.1(react@19.1.1))(react@19.1.1)':
    dependencies:
      '@radix-ui/react-slot': 1.2.3(react@19.1.1)
      react: 19.1.1
      react-dom: 19.1.1(react@19.1.1)

  '@radix-ui/react-slot@1.2.3(react@19.1.1)':
    dependencies:
      '@radix-ui/react-compose-refs': 1.1.2(react@19.1.1)
      react: 19.1.1

  '@radix-ui/react-tooltip@1.2.7(react-dom@19.1.1(react@19.1.1))(react@19.1.1)':
    dependencies:
      '@radix-ui/primitive': 1.1.2
      '@radix-ui/react-compose-refs': 1.1.2(react@19.1.1)
      '@radix-ui/react-context': 1.1.2(react@19.1.1)
      '@radix-ui/react-dismissable-layer': 1.1.10(react-dom@19.1.1(react@19.1.1))(react@19.1.1)
      '@radix-ui/react-id': 1.1.1(react@19.1.1)
      '@radix-ui/react-popper': 1.2.7(react-dom@19.1.1(react@19.1.1))(react@19.1.1)
      '@radix-ui/react-portal': 1.1.9(react-dom@19.1.1(react@19.1.1))(react@19.1.1)
      '@radix-ui/react-presence': 1.1.4(react-dom@19.1.1(react@19.1.1))(react@19.1.1)
      '@radix-ui/react-primitive': 2.1.3(react-dom@19.1.1(react@19.1.1))(react@19.1.1)
      '@radix-ui/react-slot': 1.2.3(react@19.1.1)
      '@radix-ui/react-use-controllable-state': 1.2.2(react@19.1.1)
      '@radix-ui/react-visually-hidden': 1.2.3(react-dom@19.1.1(react@19.1.1))(react@19.1.1)
      react: 19.1.1
      react-dom: 19.1.1(react@19.1.1)

  '@radix-ui/react-use-callback-ref@1.1.1(react@19.1.1)':
    dependencies:
      react: 19.1.1

  '@radix-ui/react-use-controllable-state@1.2.2(react@19.1.1)':
    dependencies:
      '@radix-ui/react-use-effect-event': 0.0.2(react@19.1.1)
      '@radix-ui/react-use-layout-effect': 1.1.1(react@19.1.1)
      react: 19.1.1

  '@radix-ui/react-use-effect-event@0.0.2(react@19.1.1)':
    dependencies:
      '@radix-ui/react-use-layout-effect': 1.1.1(react@19.1.1)
      react: 19.1.1

  '@radix-ui/react-use-escape-keydown@1.1.1(react@19.1.1)':
    dependencies:
      '@radix-ui/react-use-callback-ref': 1.1.1(react@19.1.1)
      react: 19.1.1

  '@radix-ui/react-use-is-hydrated@0.1.0(react@19.1.1)':
    dependencies:
      react: 19.1.1
      use-sync-external-store: 1.5.0(react@19.1.1)

  '@radix-ui/react-use-layout-effect@1.1.1(react@19.1.1)':
    dependencies:
      react: 19.1.1

  '@radix-ui/react-use-rect@1.1.1(react@19.1.1)':
    dependencies:
      '@radix-ui/rect': 1.1.1
      react: 19.1.1

  '@radix-ui/react-use-size@1.1.1(react@19.1.1)':
    dependencies:
      '@radix-ui/react-use-layout-effect': 1.1.1(react@19.1.1)
      react: 19.1.1

  '@radix-ui/react-visually-hidden@1.2.3(react-dom@19.1.1(react@19.1.1))(react@19.1.1)':
    dependencies:
      '@radix-ui/react-primitive': 2.1.3(react-dom@19.1.1(react@19.1.1))(react@19.1.1)
      react: 19.1.1
      react-dom: 19.1.1(react@19.1.1)

  '@radix-ui/rect@1.1.1': {}

  '@splinetool/react-spline@4.1.0(@splinetool/runtime@1.10.40)(react-dom@19.1.1(react@19.1.1))(react@19.1.1)':
    dependencies:
      '@splinetool/runtime': 1.10.40
      blurhash: 2.0.5
      lodash.debounce: 4.0.8
      react: 19.1.1
      react-dom: 19.1.1(react@19.1.1)
      react-merge-refs: 2.1.1
      thumbhash: 0.1.1

  '@splinetool/runtime@1.10.40':
    dependencies:
      on-change: 4.0.2
      semver-compare: 1.0.0

  '@tsparticles/basic@3.9.1':
    dependencies:
      '@tsparticles/engine': 3.9.1
      '@tsparticles/move-base': 3.9.1
      '@tsparticles/plugin-hex-color': 3.9.1
      '@tsparticles/plugin-hsl-color': 3.9.1
      '@tsparticles/plugin-rgb-color': 3.9.1
      '@tsparticles/shape-circle': 3.9.1
      '@tsparticles/updater-color': 3.9.1
      '@tsparticles/updater-opacity': 3.9.1
      '@tsparticles/updater-out-modes': 3.9.1
      '@tsparticles/updater-size': 3.9.1

  '@tsparticles/engine@3.9.1': {}

  '@tsparticles/interaction-external-attract@3.9.1':
    dependencies:
      '@tsparticles/engine': 3.9.1

  '@tsparticles/interaction-external-bounce@3.9.1':
    dependencies:
      '@tsparticles/engine': 3.9.1

  '@tsparticles/interaction-external-bubble@3.9.1':
    dependencies:
      '@tsparticles/engine': 3.9.1

  '@tsparticles/interaction-external-connect@3.9.1':
    dependencies:
      '@tsparticles/engine': 3.9.1

  '@tsparticles/interaction-external-grab@3.9.1':
    dependencies:
      '@tsparticles/engine': 3.9.1

  '@tsparticles/interaction-external-pause@3.9.1':
    dependencies:
      '@tsparticles/engine': 3.9.1

  '@tsparticles/interaction-external-push@3.9.1':
    dependencies:
      '@tsparticles/engine': 3.9.1

  '@tsparticles/interaction-external-remove@3.9.1':
    dependencies:
      '@tsparticles/engine': 3.9.1

  '@tsparticles/interaction-external-repulse@3.9.1':
    dependencies:
      '@tsparticles/engine': 3.9.1

  '@tsparticles/interaction-external-slow@3.9.1':
    dependencies:
      '@tsparticles/engine': 3.9.1

  '@tsparticles/interaction-external-trail@3.9.1':
    dependencies:
      '@tsparticles/engine': 3.9.1

  '@tsparticles/interaction-particles-attract@3.9.1':
    dependencies:
      '@tsparticles/engine': 3.9.1

  '@tsparticles/interaction-particles-collisions@3.9.1':
    dependencies:
      '@tsparticles/engine': 3.9.1

  '@tsparticles/interaction-particles-links@3.9.1':
    dependencies:
      '@tsparticles/engine': 3.9.1

  '@tsparticles/move-base@3.9.1':
    dependencies:
      '@tsparticles/engine': 3.9.1

  '@tsparticles/move-parallax@3.9.1':
    dependencies:
      '@tsparticles/engine': 3.9.1

  '@tsparticles/plugin-absorbers@3.9.1':
    dependencies:
      '@tsparticles/engine': 3.9.1

  '@tsparticles/plugin-easing-quad@3.9.1':
    dependencies:
      '@tsparticles/engine': 3.9.1

  '@tsparticles/plugin-emitters-shape-circle@3.9.1':
    dependencies:
      '@tsparticles/engine': 3.9.1
      '@tsparticles/plugin-emitters': 3.9.1

  '@tsparticles/plugin-emitters-shape-square@3.9.1':
    dependencies:
      '@tsparticles/engine': 3.9.1
      '@tsparticles/plugin-emitters': 3.9.1

  '@tsparticles/plugin-emitters@3.9.1':
    dependencies:
      '@tsparticles/engine': 3.9.1

  '@tsparticles/plugin-hex-color@3.9.1':
    dependencies:
      '@tsparticles/engine': 3.9.1

  '@tsparticles/plugin-hsl-color@3.9.1':
    dependencies:
      '@tsparticles/engine': 3.9.1

  '@tsparticles/plugin-rgb-color@3.9.1':
    dependencies:
      '@tsparticles/engine': 3.9.1

  '@tsparticles/react@3.0.0(@tsparticles/engine@3.9.1)(react-dom@19.1.1(react@19.1.1))(react@19.1.1)':
    dependencies:
      '@tsparticles/engine': 3.9.1
      react: 19.1.1
      react-dom: 19.1.1(react@19.1.1)

  '@tsparticles/shape-circle@3.9.1':
    dependencies:
      '@tsparticles/engine': 3.9.1

  '@tsparticles/shape-emoji@3.9.1':
    dependencies:
      '@tsparticles/engine': 3.9.1

  '@tsparticles/shape-image@3.9.1':
    dependencies:
      '@tsparticles/engine': 3.9.1

  '@tsparticles/shape-line@3.9.1':
    dependencies:
      '@tsparticles/engine': 3.9.1

  '@tsparticles/shape-polygon@3.9.1':
    dependencies:
      '@tsparticles/engine': 3.9.1

  '@tsparticles/shape-square@3.9.1':
    dependencies:
      '@tsparticles/engine': 3.9.1

  '@tsparticles/shape-star@3.9.1':
    dependencies:
      '@tsparticles/engine': 3.9.1

  '@tsparticles/shape-text@3.9.1':
    dependencies:
      '@tsparticles/engine': 3.9.1

  '@tsparticles/slim@3.9.1':
    dependencies:
      '@tsparticles/basic': 3.9.1
      '@tsparticles/engine': 3.9.1
      '@tsparticles/interaction-external-attract': 3.9.1
      '@tsparticles/interaction-external-bounce': 3.9.1
      '@tsparticles/interaction-external-bubble': 3.9.1
      '@tsparticles/interaction-external-connect': 3.9.1
      '@tsparticles/interaction-external-grab': 3.9.1
      '@tsparticles/interaction-external-pause': 3.9.1
      '@tsparticles/interaction-external-push': 3.9.1
      '@tsparticles/interaction-external-remove': 3.9.1
      '@tsparticles/interaction-external-repulse': 3.9.1
      '@tsparticles/interaction-external-slow': 3.9.1
      '@tsparticles/interaction-particles-attract': 3.9.1
      '@tsparticles/interaction-particles-collisions': 3.9.1
      '@tsparticles/interaction-particles-links': 3.9.1
      '@tsparticles/move-parallax': 3.9.1
      '@tsparticles/plugin-easing-quad': 3.9.1
      '@tsparticles/shape-emoji': 3.9.1
      '@tsparticles/shape-image': 3.9.1
      '@tsparticles/shape-line': 3.9.1
      '@tsparticles/shape-polygon': 3.9.1
      '@tsparticles/shape-square': 3.9.1
      '@tsparticles/shape-star': 3.9.1
      '@tsparticles/updater-life': 3.9.1
      '@tsparticles/updater-rotate': 3.9.1
      '@tsparticles/updater-stroke-color': 3.9.1

  '@tsparticles/updater-color@3.9.1':
    dependencies:
      '@tsparticles/engine': 3.9.1

  '@tsparticles/updater-destroy@3.9.1':
    dependencies:
      '@tsparticles/engine': 3.9.1

  '@tsparticles/updater-life@3.9.1':
    dependencies:
      '@tsparticles/engine': 3.9.1

  '@tsparticles/updater-opacity@3.9.1':
    dependencies:
      '@tsparticles/engine': 3.9.1

  '@tsparticles/updater-out-modes@3.9.1':
    dependencies:
      '@tsparticles/engine': 3.9.1

  '@tsparticles/updater-roll@3.9.1':
    dependencies:
      '@tsparticles/engine': 3.9.1

  '@tsparticles/updater-rotate@3.9.1':
    dependencies:
      '@tsparticles/engine': 3.9.1

  '@tsparticles/updater-size@3.9.1':
    dependencies:
      '@tsparticles/engine': 3.9.1

  '@tsparticles/updater-stroke-color@3.9.1':
    dependencies:
      '@tsparticles/engine': 3.9.1

  '@tsparticles/updater-tilt@3.9.1':
    dependencies:
      '@tsparticles/engine': 3.9.1

  '@tsparticles/updater-twinkle@3.9.1':
    dependencies:
      '@tsparticles/engine': 3.9.1

  '@tsparticles/updater-wobble@3.9.1':
    dependencies:
      '@tsparticles/engine': 3.9.1

  blurhash@2.0.5: {}

  clsx@2.1.1: {}

  lodash.debounce@4.0.8: {}

  on-change@4.0.2: {}

  react-dom@19.1.1(react@19.1.1):
    dependencies:
      react: 19.1.1
      scheduler: 0.26.0

  react-merge-refs@2.1.1: {}

  react@19.1.1: {}

  scheduler@0.26.0: {}

  semver-compare@1.0.0: {}

  tailwind-merge@3.3.1: {}

  thumbhash@0.1.1: {}

  tsparticles@3.9.1:
    dependencies:
      '@tsparticles/engine': 3.9.1
      '@tsparticles/interaction-external-trail': 3.9.1
      '@tsparticles/plugin-absorbers': 3.9.1
      '@tsparticles/plugin-emitters': 3.9.1
      '@tsparticles/plugin-emitters-shape-circle': 3.9.1
      '@tsparticles/plugin-emitters-shape-square': 3.9.1
      '@tsparticles/shape-text': 3.9.1
      '@tsparticles/slim': 3.9.1
      '@tsparticles/updater-destroy': 3.9.1
      '@tsparticles/updater-roll': 3.9.1
      '@tsparticles/updater-tilt': 3.9.1
      '@tsparticles/updater-twinkle': 3.9.1
      '@tsparticles/updater-wobble': 3.9.1

  use-sync-external-store@1.5.0(react@19.1.1):
    dependencies:
      react: 19.1.1
